// !$*UTF8*$!
{
	archiveVersion = 1;
	classes = {
	};
	objectVersion = 56;
	objects = {

/* Begin PBXBuildFile section */
		8431305A29828375006EC00F /* MainTabBarController.swift in Sources */ = {isa = PBXBuildFile; fileRef = 8431305929828375006EC00F /* MainTabBarController.swift */; };
		8431305E298292B3006EC00F /* ProfileViewController.swift in Sources */ = {isa = PBXBuildFile; fileRef = 8431305D298292B3006EC00F /* ProfileViewController.swift */; };
		84313060298292C4006EC00F /* ProfilePresenter.swift in Sources */ = {isa = PBXBuildFile; fileRef = 8431305F298292C4006EC00F /* ProfilePresenter.swift */; };
		84313062298292D2006EC00F /* ProfileBuilder.swift in Sources */ = {isa = PBXBuildFile; fileRef = 84313061298292D2006EC00F /* ProfileBuilder.swift */; };
		84313064298292F5006EC00F /* ToolsListViewController.swift in Sources */ = {isa = PBXBuildFile; fileRef = 84313063298292F5006EC00F /* ToolsListViewController.swift */; };
		843130662982930A006EC00F /* ToolsListPresenter.swift in Sources */ = {isa = PBXBuildFile; fileRef = 843130652982930A006EC00F /* ToolsListPresenter.swift */; };
		843130682982931C006EC00F /* ToolsListBuilder.swift in Sources */ = {isa = PBXBuildFile; fileRef = 843130672982931C006EC00F /* ToolsListBuilder.swift */; };
		8431306A29829345006EC00F /* CatalogViewController.swift in Sources */ = {isa = PBXBuildFile; fileRef = 8431306929829345006EC00F /* CatalogViewController.swift */; };
		8431306C29829353006EC00F /* CatalogPresenter.swift in Sources */ = {isa = PBXBuildFile; fileRef = 8431306B29829353006EC00F /* CatalogPresenter.swift */; };
		8431306E29829369006EC00F /* CatalogBuilder.swift in Sources */ = {isa = PBXBuildFile; fileRef = 8431306D29829369006EC00F /* CatalogBuilder.swift */; };
		8431307029829376006EC00F /* NewToolViewController.swift in Sources */ = {isa = PBXBuildFile; fileRef = 8431306F29829376006EC00F /* NewToolViewController.swift */; };
		8431307229829384006EC00F /* NewToolPresenter.swift in Sources */ = {isa = PBXBuildFile; fileRef = 8431307129829384006EC00F /* NewToolPresenter.swift */; };
		8431307429829395006EC00F /* NewToolBuilder.swift in Sources */ = {isa = PBXBuildFile; fileRef = 8431307329829395006EC00F /* NewToolBuilder.swift */; };
		84313076298293B5006EC00F /* TransactionsViewController.swift in Sources */ = {isa = PBXBuildFile; fileRef = 84313075298293B5006EC00F /* TransactionsViewController.swift */; };
		84313078298293CA006EC00F /* TransactionsPresenter.swift in Sources */ = {isa = PBXBuildFile; fileRef = 84313077298293CA006EC00F /* TransactionsPresenter.swift */; };
		8431307A298293DD006EC00F /* TransactionsBuilder.swift in Sources */ = {isa = PBXBuildFile; fileRef = 84313079298293DD006EC00F /* TransactionsBuilder.swift */; };
		8431307C2982947A006EC00F /* RegistrationViewController.swift in Sources */ = {isa = PBXBuildFile; fileRef = 8431307B2982947A006EC00F /* RegistrationViewController.swift */; };
		8431307E2982948C006EC00F /* RegistrationPresenter.swift in Sources */ = {isa = PBXBuildFile; fileRef = 8431307D2982948C006EC00F /* RegistrationPresenter.swift */; };
		843130802982949D006EC00F /* RegistrationBuilder.swift in Sources */ = {isa = PBXBuildFile; fileRef = 8431307F2982949D006EC00F /* RegistrationBuilder.swift */; };
		843130872982959D006EC00F /* SettingsViewController.swift in Sources */ = {isa = PBXBuildFile; fileRef = 843130862982959D006EC00F /* SettingsViewController.swift */; };
		84313089298295AA006EC00F /* SettingsPresenter.swift in Sources */ = {isa = PBXBuildFile; fileRef = 84313088298295AA006EC00F /* SettingsPresenter.swift */; };
		8431308B298295B6006EC00F /* SettingsBuilder.swift in Sources */ = {isa = PBXBuildFile; fileRef = 8431308A298295B6006EC00F /* SettingsBuilder.swift */; };
		8431309229829659006EC00F /* ToolDetailsViewController.swift in Sources */ = {isa = PBXBuildFile; fileRef = 8431309129829659006EC00F /* ToolDetailsViewController.swift */; };
		8431309529829673006EC00F /* ToolDetailsPresenter.swift in Sources */ = {isa = PBXBuildFile; fileRef = 8431309429829673006EC00F /* ToolDetailsPresenter.swift */; };
		8431309729829689006EC00F /* ToolDetailsBuilder.swift in Sources */ = {isa = PBXBuildFile; fileRef = 8431309629829689006EC00F /* ToolDetailsBuilder.swift */; };
		845485AA297FF819004657A3 /* UIColor + ext.swift in Sources */ = {isa = PBXBuildFile; fileRef = 845485A9297FF819004657A3 /* UIColor + ext.swift */; };
		845485AC297FFE0E004657A3 /* UIButton + ext.swift in Sources */ = {isa = PBXBuildFile; fileRef = 845485AB297FFE0E004657A3 /* UIButton + ext.swift */; };
		845485AF298006DD004657A3 /* ColorConstants.swift in Sources */ = {isa = PBXBuildFile; fileRef = 845485AE298006DD004657A3 /* ColorConstants.swift */; };
		845485D029801244004657A3 /* LoginViewController.swift in Sources */ = {isa = PBXBuildFile; fileRef = 845485CF29801244004657A3 /* LoginViewController.swift */; };
		845485D22980125D004657A3 /* LoginPresenter.swift in Sources */ = {isa = PBXBuildFile; fileRef = 845485D12980125D004657A3 /* LoginPresenter.swift */; };
		845485D529801273004657A3 /* LoginBuilder.swift in Sources */ = {isa = PBXBuildFile; fileRef = 845485D429801273004657A3 /* LoginBuilder.swift */; };
		84FEA2BC2976B9F000E82BBE /* AppDelegate.swift in Sources */ = {isa = PBXBuildFile; fileRef = 84FEA2BB2976B9F000E82BBE /* AppDelegate.swift */; };
		84FEA2BE2976B9F000E82BBE /* SceneDelegate.swift in Sources */ = {isa = PBXBuildFile; fileRef = 84FEA2BD2976B9F000E82BBE /* SceneDelegate.swift */; };
		84FEA2C52976B9F100E82BBE /* Assets.xcassets in Resources */ = {isa = PBXBuildFile; fileRef = 84FEA2C42976B9F100E82BBE /* Assets.xcassets */; };
		84FEA2D32976B9F100E82BBE /* ChomboGBFinalTests.swift in Sources */ = {isa = PBXBuildFile; fileRef = 84FEA2D22976B9F100E82BBE /* ChomboGBFinalTests.swift */; };
		84FEA2DD2976B9F100E82BBE /* ChomboGBFinalUITests.swift in Sources */ = {isa = PBXBuildFile; fileRef = 84FEA2DC2976B9F100E82BBE /* ChomboGBFinalUITests.swift */; };
		84FEA2DF2976B9F100E82BBE /* ChomboGBFinalUITestsLaunchTests.swift in Sources */ = {isa = PBXBuildFile; fileRef = 84FEA2DE2976B9F100E82BBE /* ChomboGBFinalUITestsLaunchTests.swift */; };
/* End PBXBuildFile section */

/* Begin PBXContainerItemProxy section */
		84FEA2CF2976B9F100E82BBE /* PBXContainerItemProxy */ = {
			isa = PBXContainerItemProxy;
			containerPortal = 84FEA2B02976B9F000E82BBE /* Project object */;
			proxyType = 1;
			remoteGlobalIDString = 84FEA2B72976B9F000E82BBE;
			remoteInfo = ChomboGBFinal;
		};
		84FEA2D92976B9F100E82BBE /* PBXContainerItemProxy */ = {
			isa = PBXContainerItemProxy;
			containerPortal = 84FEA2B02976B9F000E82BBE /* Project object */;
			proxyType = 1;
			remoteGlobalIDString = 84FEA2B72976B9F000E82BBE;
			remoteInfo = ChomboGBFinal;
		};
/* End PBXContainerItemProxy section */

/* Begin PBXFileReference section */
		8431305929828375006EC00F /* MainTabBarController.swift */ = {isa = PBXFileReference; lastKnownFileType = sourcecode.swift; path = MainTabBarController.swift; sourceTree = "<group>"; };
		8431305D298292B3006EC00F /* ProfileViewController.swift */ = {isa = PBXFileReference; lastKnownFileType = sourcecode.swift; path = ProfileViewController.swift; sourceTree = "<group>"; };
		8431305F298292C4006EC00F /* ProfilePresenter.swift */ = {isa = PBXFileReference; lastKnownFileType = sourcecode.swift; path = ProfilePresenter.swift; sourceTree = "<group>"; };
		84313061298292D2006EC00F /* ProfileBuilder.swift */ = {isa = PBXFileReference; lastKnownFileType = sourcecode.swift; path = ProfileBuilder.swift; sourceTree = "<group>"; };
		84313063298292F5006EC00F /* ToolsListViewController.swift */ = {isa = PBXFileReference; lastKnownFileType = sourcecode.swift; path = ToolsListViewController.swift; sourceTree = "<group>"; };
		843130652982930A006EC00F /* ToolsListPresenter.swift */ = {isa = PBXFileReference; lastKnownFileType = sourcecode.swift; path = ToolsListPresenter.swift; sourceTree = "<group>"; };
		843130672982931C006EC00F /* ToolsListBuilder.swift */ = {isa = PBXFileReference; lastKnownFileType = sourcecode.swift; path = ToolsListBuilder.swift; sourceTree = "<group>"; };
		8431306929829345006EC00F /* CatalogViewController.swift */ = {isa = PBXFileReference; lastKnownFileType = sourcecode.swift; path = CatalogViewController.swift; sourceTree = "<group>"; };
		8431306B29829353006EC00F /* CatalogPresenter.swift */ = {isa = PBXFileReference; lastKnownFileType = sourcecode.swift; path = CatalogPresenter.swift; sourceTree = "<group>"; };
		8431306D29829369006EC00F /* CatalogBuilder.swift */ = {isa = PBXFileReference; lastKnownFileType = sourcecode.swift; path = CatalogBuilder.swift; sourceTree = "<group>"; };
		8431306F29829376006EC00F /* NewToolViewController.swift */ = {isa = PBXFileReference; lastKnownFileType = sourcecode.swift; path = NewToolViewController.swift; sourceTree = "<group>"; };
		8431307129829384006EC00F /* NewToolPresenter.swift */ = {isa = PBXFileReference; lastKnownFileType = sourcecode.swift; path = NewToolPresenter.swift; sourceTree = "<group>"; };
		8431307329829395006EC00F /* NewToolBuilder.swift */ = {isa = PBXFileReference; lastKnownFileType = sourcecode.swift; path = NewToolBuilder.swift; sourceTree = "<group>"; };
		84313075298293B5006EC00F /* TransactionsViewController.swift */ = {isa = PBXFileReference; lastKnownFileType = sourcecode.swift; path = TransactionsViewController.swift; sourceTree = "<group>"; };
		84313077298293CA006EC00F /* TransactionsPresenter.swift */ = {isa = PBXFileReference; lastKnownFileType = sourcecode.swift; path = TransactionsPresenter.swift; sourceTree = "<group>"; };
		84313079298293DD006EC00F /* TransactionsBuilder.swift */ = {isa = PBXFileReference; lastKnownFileType = sourcecode.swift; path = TransactionsBuilder.swift; sourceTree = "<group>"; };
		8431307B2982947A006EC00F /* RegistrationViewController.swift */ = {isa = PBXFileReference; lastKnownFileType = sourcecode.swift; path = RegistrationViewController.swift; sourceTree = "<group>"; };
		8431307D2982948C006EC00F /* RegistrationPresenter.swift */ = {isa = PBXFileReference; lastKnownFileType = sourcecode.swift; path = RegistrationPresenter.swift; sourceTree = "<group>"; };
		8431307F2982949D006EC00F /* RegistrationBuilder.swift */ = {isa = PBXFileReference; lastKnownFileType = sourcecode.swift; path = RegistrationBuilder.swift; sourceTree = "<group>"; };
		843130862982959D006EC00F /* SettingsViewController.swift */ = {isa = PBXFileReference; lastKnownFileType = sourcecode.swift; path = SettingsViewController.swift; sourceTree = "<group>"; };
		84313088298295AA006EC00F /* SettingsPresenter.swift */ = {isa = PBXFileReference; lastKnownFileType = sourcecode.swift; path = SettingsPresenter.swift; sourceTree = "<group>"; };
		8431308A298295B6006EC00F /* SettingsBuilder.swift */ = {isa = PBXFileReference; lastKnownFileType = sourcecode.swift; path = SettingsBuilder.swift; sourceTree = "<group>"; };
		8431309129829659006EC00F /* ToolDetailsViewController.swift */ = {isa = PBXFileReference; lastKnownFileType = sourcecode.swift; path = ToolDetailsViewController.swift; sourceTree = "<group>"; };
		8431309429829673006EC00F /* ToolDetailsPresenter.swift */ = {isa = PBXFileReference; lastKnownFileType = sourcecode.swift; path = ToolDetailsPresenter.swift; sourceTree = "<group>"; };
		8431309629829689006EC00F /* ToolDetailsBuilder.swift */ = {isa = PBXFileReference; lastKnownFileType = sourcecode.swift; path = ToolDetailsBuilder.swift; sourceTree = "<group>"; };
		845485A9297FF819004657A3 /* UIColor + ext.swift */ = {isa = PBXFileReference; lastKnownFileType = sourcecode.swift; path = "UIColor + ext.swift"; sourceTree = "<group>"; };
		845485AB297FFE0E004657A3 /* UIButton + ext.swift */ = {isa = PBXFileReference; lastKnownFileType = sourcecode.swift; path = "UIButton + ext.swift"; sourceTree = "<group>"; };
		845485AE298006DD004657A3 /* ColorConstants.swift */ = {isa = PBXFileReference; lastKnownFileType = sourcecode.swift; path = ColorConstants.swift; sourceTree = "<group>"; };
		845485CF29801244004657A3 /* LoginViewController.swift */ = {isa = PBXFileReference; lastKnownFileType = sourcecode.swift; path = LoginViewController.swift; sourceTree = "<group>"; };
		845485D12980125D004657A3 /* LoginPresenter.swift */ = {isa = PBXFileReference; lastKnownFileType = sourcecode.swift; path = LoginPresenter.swift; sourceTree = "<group>"; };
		845485D429801273004657A3 /* LoginBuilder.swift */ = {isa = PBXFileReference; lastKnownFileType = sourcecode.swift; path = LoginBuilder.swift; sourceTree = "<group>"; };
		84FEA2B82976B9F000E82BBE /* ChomboGBFinal.app */ = {isa = PBXFileReference; explicitFileType = wrapper.application; includeInIndex = 0; path = ChomboGBFinal.app; sourceTree = BUILT_PRODUCTS_DIR; };
		84FEA2BB2976B9F000E82BBE /* AppDelegate.swift */ = {isa = PBXFileReference; lastKnownFileType = sourcecode.swift; path = AppDelegate.swift; sourceTree = "<group>"; };
		84FEA2BD2976B9F000E82BBE /* SceneDelegate.swift */ = {isa = PBXFileReference; lastKnownFileType = sourcecode.swift; path = SceneDelegate.swift; sourceTree = "<group>"; };
		84FEA2C42976B9F100E82BBE /* Assets.xcassets */ = {isa = PBXFileReference; lastKnownFileType = folder.assetcatalog; path = Assets.xcassets; sourceTree = "<group>"; };
		84FEA2C92976B9F100E82BBE /* Info.plist */ = {isa = PBXFileReference; lastKnownFileType = text.plist.xml; path = Info.plist; sourceTree = "<group>"; };
		84FEA2CE2976B9F100E82BBE /* ChomboGBFinalTests.xctest */ = {isa = PBXFileReference; explicitFileType = wrapper.cfbundle; includeInIndex = 0; path = ChomboGBFinalTests.xctest; sourceTree = BUILT_PRODUCTS_DIR; };
		84FEA2D22976B9F100E82BBE /* ChomboGBFinalTests.swift */ = {isa = PBXFileReference; lastKnownFileType = sourcecode.swift; path = ChomboGBFinalTests.swift; sourceTree = "<group>"; };
		84FEA2D82976B9F100E82BBE /* ChomboGBFinalUITests.xctest */ = {isa = PBXFileReference; explicitFileType = wrapper.cfbundle; includeInIndex = 0; path = ChomboGBFinalUITests.xctest; sourceTree = BUILT_PRODUCTS_DIR; };
		84FEA2DC2976B9F100E82BBE /* ChomboGBFinalUITests.swift */ = {isa = PBXFileReference; lastKnownFileType = sourcecode.swift; path = ChomboGBFinalUITests.swift; sourceTree = "<group>"; };
		84FEA2DE2976B9F100E82BBE /* ChomboGBFinalUITestsLaunchTests.swift */ = {isa = PBXFileReference; lastKnownFileType = sourcecode.swift; path = ChomboGBFinalUITestsLaunchTests.swift; sourceTree = "<group>"; };
/* End PBXFileReference section */

/* Begin PBXFrameworksBuildPhase section */
		84FEA2B52976B9F000E82BBE /* Frameworks */ = {
			isa = PBXFrameworksBuildPhase;
			buildActionMask = 2147483647;
			files = (
			);
			runOnlyForDeploymentPostprocessing = 0;
		};
		84FEA2CB2976B9F100E82BBE /* Frameworks */ = {
			isa = PBXFrameworksBuildPhase;
			buildActionMask = 2147483647;
			files = (
			);
			runOnlyForDeploymentPostprocessing = 0;
		};
		84FEA2D52976B9F100E82BBE /* Frameworks */ = {
			isa = PBXFrameworksBuildPhase;
			buildActionMask = 2147483647;
			files = (
			);
			runOnlyForDeploymentPostprocessing = 0;
		};
/* End PBXFrameworksBuildPhase section */

/* Begin PBXGroup section */
		843130812982954D006EC00F /* Settings */ = {
			isa = PBXGroup;
			children = (
				8431308529829584006EC00F /* View */,
				843130842982957C006EC00F /* Presenter */,
				8431308329829573006EC00F /* Builder */,
			);
			path = Settings;
			sourceTree = "<group>";
		};
		8431308229829559006EC00F /* Profile */ = {
			isa = PBXGroup;
			children = (
				845485C2298010F4004657A3 /* View */,
				845485C1298010E7004657A3 /* Presenter */,
				845485C0298010D4004657A3 /* Builder */,
			);
			path = Profile;
			sourceTree = "<group>";
		};
		8431308329829573006EC00F /* Builder */ = {
			isa = PBXGroup;
			children = (
				8431308A298295B6006EC00F /* SettingsBuilder.swift */,
			);
			path = Builder;
			sourceTree = "<group>";
		};
		843130842982957C006EC00F /* Presenter */ = {
			isa = PBXGroup;
			children = (
				84313088298295AA006EC00F /* SettingsPresenter.swift */,
			);
			path = Presenter;
			sourceTree = "<group>";
		};
		8431308529829584006EC00F /* View */ = {
			isa = PBXGroup;
			children = (
				843130862982959D006EC00F /* SettingsViewController.swift */,
			);
			path = View;
			sourceTree = "<group>";
		};
		8431308C298295D0006EC00F /* ToolsList */ = {
			isa = PBXGroup;
			children = (
				845485C529801110004657A3 /* View */,
				845485C429801105004657A3 /* Presenter */,
				845485C3298010FD004657A3 /* Builder */,
			);
			path = ToolsList;
			sourceTree = "<group>";
		};
		8431308D298295E5006EC00F /* ToolDetails */ = {
			isa = PBXGroup;
			children = (
				8431309029829626006EC00F /* View */,
				8431308F2982961F006EC00F /* Presenter */,
				8431308E29829615006EC00F /* Builder */,
			);
			path = ToolDetails;
			sourceTree = "<group>";
		};
		8431308E29829615006EC00F /* Builder */ = {
			isa = PBXGroup;
			children = (
				8431309629829689006EC00F /* ToolDetailsBuilder.swift */,
			);
			path = Builder;
			sourceTree = "<group>";
		};
		8431308F2982961F006EC00F /* Presenter */ = {
			isa = PBXGroup;
			children = (
				8431309429829673006EC00F /* ToolDetailsPresenter.swift */,
			);
			path = Presenter;
			sourceTree = "<group>";
		};
		8431309029829626006EC00F /* View */ = {
			isa = PBXGroup;
			children = (
				8431309129829659006EC00F /* ToolDetailsViewController.swift */,
			);
			path = View;
			sourceTree = "<group>";
		};
		845485AD298006AE004657A3 /* Constants */ = {
			isa = PBXGroup;
			children = (
				845485AE298006DD004657A3 /* ColorConstants.swift */,
			);
			path = Constants;
			sourceTree = "<group>";
		};
		845485B029800C96004657A3 /* Login */ = {
			isa = PBXGroup;
			children = (
				845485B129800CA3004657A3 /* View */,
				845485B329800DC6004657A3 /* Presenter */,
				845485B229800DBD004657A3 /* Builder */,
			);
			path = Login;
			sourceTree = "<group>";
		};
		845485B129800CA3004657A3 /* View */ = {
			isa = PBXGroup;
			children = (
				845485CF29801244004657A3 /* LoginViewController.swift */,
			);
			path = View;
			sourceTree = "<group>";
		};
		845485B229800DBD004657A3 /* Builder */ = {
			isa = PBXGroup;
			children = (
				845485D429801273004657A3 /* LoginBuilder.swift */,
			);
			path = Builder;
			sourceTree = "<group>";
		};
		845485B329800DC6004657A3 /* Presenter */ = {
			isa = PBXGroup;
			children = (
				845485D12980125D004657A3 /* LoginPresenter.swift */,
			);
			path = Presenter;
			sourceTree = "<group>";
		};
		845485B429800DE5004657A3 /* Registration */ = {
			isa = PBXGroup;
			children = (
				845485B729800EB5004657A3 /* View */,
				845485B629800EAD004657A3 /* Presenter */,
				845485B529800EA5004657A3 /* Builder */,
			);
			path = Registration;
			sourceTree = "<group>";
		};
		845485B529800EA5004657A3 /* Builder */ = {
			isa = PBXGroup;
			children = (
				8431307F2982949D006EC00F /* RegistrationBuilder.swift */,
			);
			path = Builder;
			sourceTree = "<group>";
		};
		845485B629800EAD004657A3 /* Presenter */ = {
			isa = PBXGroup;
			children = (
				8431307D2982948C006EC00F /* RegistrationPresenter.swift */,
			);
			path = Presenter;
			sourceTree = "<group>";
		};
		845485B729800EB5004657A3 /* View */ = {
			isa = PBXGroup;
			children = (
				8431307B2982947A006EC00F /* RegistrationViewController.swift */,
			);
			path = View;
			sourceTree = "<group>";
		};
		845485B829800EC6004657A3 /* Main */ = {
			isa = PBXGroup;
			children = (
				845485B929800ECE004657A3 /* MainTabBarController */,
				845485BA29800EE2004657A3 /* Profile */,
				845485BB29800EF1004657A3 /* Tools */,
				845485BC29800F0A004657A3 /* Storage */,
				845485BD29800F13004657A3 /* Transactions */,
			);
			path = Main;
			sourceTree = "<group>";
		};
		845485B929800ECE004657A3 /* MainTabBarController */ = {
			isa = PBXGroup;
			children = (
				8431305929828375006EC00F /* MainTabBarController.swift */,
			);
			path = MainTabBarController;
			sourceTree = "<group>";
		};
		845485BA29800EE2004657A3 /* Profile */ = {
			isa = PBXGroup;
			children = (
				8431308229829559006EC00F /* Profile */,
				843130812982954D006EC00F /* Settings */,
			);
			path = Profile;
			sourceTree = "<group>";
		};
		845485BB29800EF1004657A3 /* Tools */ = {
			isa = PBXGroup;
			children = (
				8431308C298295D0006EC00F /* ToolsList */,
				8431308D298295E5006EC00F /* ToolDetails */,
			);
			path = Tools;
			sourceTree = "<group>";
		};
		845485BC29800F0A004657A3 /* Storage */ = {
			isa = PBXGroup;
			children = (
				845485BE29800F77004657A3 /* Catalog */,
				845485BF29800F82004657A3 /* NewTool */,
			);
			path = Storage;
			sourceTree = "<group>";
		};
		845485BD29800F13004657A3 /* Transactions */ = {
			isa = PBXGroup;
			children = (
				845485CE29801150004657A3 /* View */,
				845485CD29801148004657A3 /* Presenter */,
				845485CC29801141004657A3 /* Builder */,
			);
			path = Transactions;
			sourceTree = "<group>";
		};
		845485BE29800F77004657A3 /* Catalog */ = {
			isa = PBXGroup;
			children = (
				845485C829801127004657A3 /* View */,
				845485C729801120004657A3 /* Presenter */,
				845485C629801118004657A3 /* Builder */,
			);
			path = Catalog;
			sourceTree = "<group>";
		};
		845485BF29800F82004657A3 /* NewTool */ = {
			isa = PBXGroup;
			children = (
				845485CB2980113B004657A3 /* View */,
				845485CA29801133004657A3 /* Presenter */,
				845485C92980112D004657A3 /* Builder */,
			);
			path = NewTool;
			sourceTree = "<group>";
		};
		845485C0298010D4004657A3 /* Builder */ = {
			isa = PBXGroup;
			children = (
				84313061298292D2006EC00F /* ProfileBuilder.swift */,
			);
			path = Builder;
			sourceTree = "<group>";
		};
		845485C1298010E7004657A3 /* Presenter */ = {
			isa = PBXGroup;
			children = (
				8431305F298292C4006EC00F /* ProfilePresenter.swift */,
			);
			path = Presenter;
			sourceTree = "<group>";
		};
		845485C2298010F4004657A3 /* View */ = {
			isa = PBXGroup;
			children = (
				8431305D298292B3006EC00F /* ProfileViewController.swift */,
			);
			path = View;
			sourceTree = "<group>";
		};
		845485C3298010FD004657A3 /* Builder */ = {
			isa = PBXGroup;
			children = (
				843130672982931C006EC00F /* ToolsListBuilder.swift */,
			);
			path = Builder;
			sourceTree = "<group>";
		};
		845485C429801105004657A3 /* Presenter */ = {
			isa = PBXGroup;
			children = (
				843130652982930A006EC00F /* ToolsListPresenter.swift */,
			);
			path = Presenter;
			sourceTree = "<group>";
		};
		845485C529801110004657A3 /* View */ = {
			isa = PBXGroup;
			children = (
				84313063298292F5006EC00F /* ToolsListViewController.swift */,
			);
			path = View;
			sourceTree = "<group>";
		};
		845485C629801118004657A3 /* Builder */ = {
			isa = PBXGroup;
			children = (
				8431306D29829369006EC00F /* CatalogBuilder.swift */,
			);
			path = Builder;
			sourceTree = "<group>";
		};
		845485C729801120004657A3 /* Presenter */ = {
			isa = PBXGroup;
			children = (
				8431306B29829353006EC00F /* CatalogPresenter.swift */,
			);
			path = Presenter;
			sourceTree = "<group>";
		};
		845485C829801127004657A3 /* View */ = {
			isa = PBXGroup;
			children = (
				8431306929829345006EC00F /* CatalogViewController.swift */,
			);
			path = View;
			sourceTree = "<group>";
		};
		845485C92980112D004657A3 /* Builder */ = {
			isa = PBXGroup;
			children = (
				8431307329829395006EC00F /* NewToolBuilder.swift */,
			);
			path = Builder;
			sourceTree = "<group>";
		};
		845485CA29801133004657A3 /* Presenter */ = {
			isa = PBXGroup;
			children = (
				8431307129829384006EC00F /* NewToolPresenter.swift */,
			);
			path = Presenter;
			sourceTree = "<group>";
		};
		845485CB2980113B004657A3 /* View */ = {
			isa = PBXGroup;
			children = (
				8431306F29829376006EC00F /* NewToolViewController.swift */,
			);
			path = View;
			sourceTree = "<group>";
		};
		845485CC29801141004657A3 /* Builder */ = {
			isa = PBXGroup;
			children = (
				84313079298293DD006EC00F /* TransactionsBuilder.swift */,
			);
			path = Builder;
			sourceTree = "<group>";
		};
		845485CD29801148004657A3 /* Presenter */ = {
			isa = PBXGroup;
			children = (
				84313077298293CA006EC00F /* TransactionsPresenter.swift */,
			);
			path = Presenter;
			sourceTree = "<group>";
		};
		845485CE29801150004657A3 /* View */ = {
			isa = PBXGroup;
			children = (
				84313075298293B5006EC00F /* TransactionsViewController.swift */,
			);
			path = View;
			sourceTree = "<group>";
		};
		84FEA2AF2976B9F000E82BBE = {
			isa = PBXGroup;
			children = (
				84FEA2BA2976B9F000E82BBE /* ChomboGBFinal */,
				84FEA2D12976B9F100E82BBE /* ChomboGBFinalTests */,
				84FEA2DB2976B9F100E82BBE /* ChomboGBFinalUITests */,
				84FEA2B92976B9F000E82BBE /* Products */,
			);
			sourceTree = "<group>";
		};
		84FEA2B92976B9F000E82BBE /* Products */ = {
			isa = PBXGroup;
			children = (
				84FEA2B82976B9F000E82BBE /* ChomboGBFinal.app */,
				84FEA2CE2976B9F100E82BBE /* ChomboGBFinalTests.xctest */,
				84FEA2D82976B9F100E82BBE /* ChomboGBFinalUITests.xctest */,
			);
			name = Products;
			sourceTree = "<group>";
		};
		84FEA2BA2976B9F000E82BBE /* ChomboGBFinal */ = {
			isa = PBXGroup;
			children = (
				84FEA2EF2976BC3200E82BBE /* App */,
				84FEA2F02976BC3E00E82BBE /* Core */,
				84FEA2F22976BC4D00E82BBE /* Resources */,
				84FEA2F12976BC4300E82BBE /* Environments */,
			);
			path = ChomboGBFinal;
			sourceTree = "<group>";
		};
		84FEA2D12976B9F100E82BBE /* ChomboGBFinalTests */ = {
			isa = PBXGroup;
			children = (
				84FEA2D22976B9F100E82BBE /* ChomboGBFinalTests.swift */,
			);
			path = ChomboGBFinalTests;
			sourceTree = "<group>";
		};
		84FEA2DB2976B9F100E82BBE /* ChomboGBFinalUITests */ = {
			isa = PBXGroup;
			children = (
				84FEA2DC2976B9F100E82BBE /* ChomboGBFinalUITests.swift */,
				84FEA2DE2976B9F100E82BBE /* ChomboGBFinalUITestsLaunchTests.swift */,
			);
			path = ChomboGBFinalUITests;
			sourceTree = "<group>";
		};
		84FEA2EB2976BC0900E82BBE /* Flows */ = {
			isa = PBXGroup;
			children = (
				845485B029800C96004657A3 /* Login */,
				845485B429800DE5004657A3 /* Registration */,
				845485B829800EC6004657A3 /* Main */,
			);
			path = Flows;
			sourceTree = "<group>";
		};
		84FEA2EC2976BC1100E82BBE /* Assembly */ = {
			isa = PBXGroup;
			children = (
			);
			path = Assembly;
			sourceTree = "<group>";
		};
		84FEA2ED2976BC1A00E82BBE /* Entity */ = {
			isa = PBXGroup;
			children = (
				845485AD298006AE004657A3 /* Constants */,
			);
			path = Entity;
			sourceTree = "<group>";
		};
		84FEA2EE2976BC2100E82BBE /* BusinessLogic */ = {
			isa = PBXGroup;
			children = (
			);
			path = BusinessLogic;
			sourceTree = "<group>";
		};
		84FEA2EF2976BC3200E82BBE /* App */ = {
			isa = PBXGroup;
			children = (
				84FEA2BB2976B9F000E82BBE /* AppDelegate.swift */,
				84FEA2BD2976B9F000E82BBE /* SceneDelegate.swift */,
				84FEA2EE2976BC2100E82BBE /* BusinessLogic */,
				84FEA2ED2976BC1A00E82BBE /* Entity */,
				84FEA2EC2976BC1100E82BBE /* Assembly */,
				84FEA2EB2976BC0900E82BBE /* Flows */,
			);
			path = App;
			sourceTree = "<group>";
		};
		84FEA2F02976BC3E00E82BBE /* Core */ = {
			isa = PBXGroup;
			children = (
				84FEA2F72976BC9800E82BBE /* Network */,
				84FEA2F62976BC9100E82BBE /* Services */,
				84FEA2F52976BC8A00E82BBE /* Protocols */,
				84FEA2F42976BC8200E82BBE /* Extensions */,
			);
			path = Core;
			sourceTree = "<group>";
		};
		84FEA2F12976BC4300E82BBE /* Environments */ = {
			isa = PBXGroup;
			children = (
				84FEA2C92976B9F100E82BBE /* Info.plist */,
			);
			path = Environments;
			sourceTree = "<group>";
		};
		84FEA2F22976BC4D00E82BBE /* Resources */ = {
			isa = PBXGroup;
			children = (
				84FEA2C42976B9F100E82BBE /* Assets.xcassets */,
			);
			path = Resources;
			sourceTree = "<group>";
		};
		84FEA2F42976BC8200E82BBE /* Extensions */ = {
			isa = PBXGroup;
			children = (
				845485A9297FF819004657A3 /* UIColor + ext.swift */,
				845485AB297FFE0E004657A3 /* UIButton + ext.swift */,
			);
			path = Extensions;
			sourceTree = "<group>";
		};
		84FEA2F52976BC8A00E82BBE /* Protocols */ = {
			isa = PBXGroup;
			children = (
			);
			path = Protocols;
			sourceTree = "<group>";
		};
		84FEA2F62976BC9100E82BBE /* Services */ = {
			isa = PBXGroup;
			children = (
			);
			path = Services;
			sourceTree = "<group>";
		};
		84FEA2F72976BC9800E82BBE /* Network */ = {
			isa = PBXGroup;
			children = (
			);
			path = Network;
			sourceTree = "<group>";
		};
/* End PBXGroup section */

/* Begin PBXNativeTarget section */
		84FEA2B72976B9F000E82BBE /* ChomboGBFinal */ = {
			isa = PBXNativeTarget;
			buildConfigurationList = 84FEA2E22976B9F100E82BBE /* Build configuration list for PBXNativeTarget "ChomboGBFinal" */;
			buildPhases = (
				84FEA2B42976B9F000E82BBE /* Sources */,
				84FEA2B52976B9F000E82BBE /* Frameworks */,
				84FEA2B62976B9F000E82BBE /* Resources */,
			);
			buildRules = (
			);
			dependencies = (
			);
			name = ChomboGBFinal;
			productName = ChomboGBFinal;
			productReference = 84FEA2B82976B9F000E82BBE /* ChomboGBFinal.app */;
			productType = "com.apple.product-type.application";
		};
		84FEA2CD2976B9F100E82BBE /* ChomboGBFinalTests */ = {
			isa = PBXNativeTarget;
			buildConfigurationList = 84FEA2E52976B9F100E82BBE /* Build configuration list for PBXNativeTarget "ChomboGBFinalTests" */;
			buildPhases = (
				84FEA2CA2976B9F100E82BBE /* Sources */,
				84FEA2CB2976B9F100E82BBE /* Frameworks */,
				84FEA2CC2976B9F100E82BBE /* Resources */,
			);
			buildRules = (
			);
			dependencies = (
				84FEA2D02976B9F100E82BBE /* PBXTargetDependency */,
			);
			name = ChomboGBFinalTests;
			productName = ChomboGBFinalTests;
			productReference = 84FEA2CE2976B9F100E82BBE /* ChomboGBFinalTests.xctest */;
			productType = "com.apple.product-type.bundle.unit-test";
		};
		84FEA2D72976B9F100E82BBE /* ChomboGBFinalUITests */ = {
			isa = PBXNativeTarget;
			buildConfigurationList = 84FEA2E82976B9F100E82BBE /* Build configuration list for PBXNativeTarget "ChomboGBFinalUITests" */;
			buildPhases = (
				84FEA2D42976B9F100E82BBE /* Sources */,
				84FEA2D52976B9F100E82BBE /* Frameworks */,
				84FEA2D62976B9F100E82BBE /* Resources */,
			);
			buildRules = (
			);
			dependencies = (
				84FEA2DA2976B9F100E82BBE /* PBXTargetDependency */,
			);
			name = ChomboGBFinalUITests;
			productName = ChomboGBFinalUITests;
			productReference = 84FEA2D82976B9F100E82BBE /* ChomboGBFinalUITests.xctest */;
			productType = "com.apple.product-type.bundle.ui-testing";
		};
/* End PBXNativeTarget section */

/* Begin PBXProject section */
		84FEA2B02976B9F000E82BBE /* Project object */ = {
			isa = PBXProject;
			attributes = {
				BuildIndependentTargetsInParallel = 1;
				LastSwiftUpdateCheck = 1410;
				LastUpgradeCheck = 1410;
				TargetAttributes = {
					84FEA2B72976B9F000E82BBE = {
						CreatedOnToolsVersion = 14.1;
					};
					84FEA2CD2976B9F100E82BBE = {
						CreatedOnToolsVersion = 14.1;
						TestTargetID = 84FEA2B72976B9F000E82BBE;
					};
					84FEA2D72976B9F100E82BBE = {
						CreatedOnToolsVersion = 14.1;
						TestTargetID = 84FEA2B72976B9F000E82BBE;
					};
				};
			};
			buildConfigurationList = 84FEA2B32976B9F000E82BBE /* Build configuration list for PBXProject "ChomboGBFinal" */;
			compatibilityVersion = "Xcode 14.0";
			developmentRegion = en;
			hasScannedForEncodings = 0;
			knownRegions = (
				en,
				Base,
			);
			mainGroup = 84FEA2AF2976B9F000E82BBE;
			productRefGroup = 84FEA2B92976B9F000E82BBE /* Products */;
			projectDirPath = "";
			projectRoot = "";
			targets = (
				84FEA2B72976B9F000E82BBE /* ChomboGBFinal */,
				84FEA2CD2976B9F100E82BBE /* ChomboGBFinalTests */,
				84FEA2D72976B9F100E82BBE /* ChomboGBFinalUITests */,
			);
		};
/* End PBXProject section */

/* Begin PBXResourcesBuildPhase section */
		84FEA2B62976B9F000E82BBE /* Resources */ = {
			isa = PBXResourcesBuildPhase;
			buildActionMask = 2147483647;
			files = (
				84FEA2C52976B9F100E82BBE /* Assets.xcassets in Resources */,
			);
			runOnlyForDeploymentPostprocessing = 0;
		};
		84FEA2CC2976B9F100E82BBE /* Resources */ = {
			isa = PBXResourcesBuildPhase;
			buildActionMask = 2147483647;
			files = (
			);
			runOnlyForDeploymentPostprocessing = 0;
		};
		84FEA2D62976B9F100E82BBE /* Resources */ = {
			isa = PBXResourcesBuildPhase;
			buildActionMask = 2147483647;
			files = (
			);
			runOnlyForDeploymentPostprocessing = 0;
		};
/* End PBXResourcesBuildPhase section */

/* Begin PBXSourcesBuildPhase section */
		84FEA2B42976B9F000E82BBE /* Sources */ = {
			isa = PBXSourcesBuildPhase;
			buildActionMask = 2147483647;
			files = (
				8431306C29829353006EC00F /* CatalogPresenter.swift in Sources */,
				8431306A29829345006EC00F /* CatalogViewController.swift in Sources */,
				84313060298292C4006EC00F /* ProfilePresenter.swift in Sources */,
				8431307029829376006EC00F /* NewToolViewController.swift in Sources */,
				845485D029801244004657A3 /* LoginViewController.swift in Sources */,
				8431309729829689006EC00F /* ToolDetailsBuilder.swift in Sources */,
				8431307229829384006EC00F /* NewToolPresenter.swift in Sources */,
				843130802982949D006EC00F /* RegistrationBuilder.swift in Sources */,
				84FEA2BC2976B9F000E82BBE /* AppDelegate.swift in Sources */,
				8431307E2982948C006EC00F /* RegistrationPresenter.swift in Sources */,
				8431306E29829369006EC00F /* CatalogBuilder.swift in Sources */,
				8431305E298292B3006EC00F /* ProfileViewController.swift in Sources */,
				843130682982931C006EC00F /* ToolsListBuilder.swift in Sources */,
				845485D22980125D004657A3 /* LoginPresenter.swift in Sources */,
				84313089298295AA006EC00F /* SettingsPresenter.swift in Sources */,
				8431305A29828375006EC00F /* MainTabBarController.swift in Sources */,
				8431307A298293DD006EC00F /* TransactionsBuilder.swift in Sources */,
				84313078298293CA006EC00F /* TransactionsPresenter.swift in Sources */,
				8431309529829673006EC00F /* ToolDetailsPresenter.swift in Sources */,
				8431309229829659006EC00F /* ToolDetailsViewController.swift in Sources */,
				8431307C2982947A006EC00F /* RegistrationViewController.swift in Sources */,
				8431307429829395006EC00F /* NewToolBuilder.swift in Sources */,
				843130662982930A006EC00F /* ToolsListPresenter.swift in Sources */,
				84313076298293B5006EC00F /* TransactionsViewController.swift in Sources */,
				84FEA2BE2976B9F000E82BBE /* SceneDelegate.swift in Sources */,
				84313064298292F5006EC00F /* ToolsListViewController.swift in Sources */,
				84313062298292D2006EC00F /* ProfileBuilder.swift in Sources */,
				843130872982959D006EC00F /* SettingsViewController.swift in Sources */,
				845485AF298006DD004657A3 /* ColorConstants.swift in Sources */,
				8431308B298295B6006EC00F /* SettingsBuilder.swift in Sources */,
				845485D529801273004657A3 /* LoginBuilder.swift in Sources */,
				845485AA297FF819004657A3 /* UIColor + ext.swift in Sources */,
				845485AC297FFE0E004657A3 /* UIButton + ext.swift in Sources */,
			);
			runOnlyForDeploymentPostprocessing = 0;
		};
		84FEA2CA2976B9F100E82BBE /* Sources */ = {
			isa = PBXSourcesBuildPhase;
			buildActionMask = 2147483647;
			files = (
				84FEA2D32976B9F100E82BBE /* ChomboGBFinalTests.swift in Sources */,
			);
			runOnlyForDeploymentPostprocessing = 0;
		};
		84FEA2D42976B9F100E82BBE /* Sources */ = {
			isa = PBXSourcesBuildPhase;
			buildActionMask = 2147483647;
			files = (
				84FEA2DF2976B9F100E82BBE /* ChomboGBFinalUITestsLaunchTests.swift in Sources */,
				84FEA2DD2976B9F100E82BBE /* ChomboGBFinalUITests.swift in Sources */,
			);
			runOnlyForDeploymentPostprocessing = 0;
		};
/* End PBXSourcesBuildPhase section */

/* Begin PBXTargetDependency section */
		84FEA2D02976B9F100E82BBE /* PBXTargetDependency */ = {
			isa = PBXTargetDependency;
			target = 84FEA2B72976B9F000E82BBE /* ChomboGBFinal */;
			targetProxy = 84FEA2CF2976B9F100E82BBE /* PBXContainerItemProxy */;
		};
		84FEA2DA2976B9F100E82BBE /* PBXTargetDependency */ = {
			isa = PBXTargetDependency;
			target = 84FEA2B72976B9F000E82BBE /* ChomboGBFinal */;
			targetProxy = 84FEA2D92976B9F100E82BBE /* PBXContainerItemProxy */;
		};
/* End PBXTargetDependency section */

/* Begin XCBuildConfiguration section */
		84FEA2E02976B9F100E82BBE /* Debug */ = {
			isa = XCBuildConfiguration;
			buildSettings = {
				ALWAYS_SEARCH_USER_PATHS = NO;
				CLANG_ANALYZER_NONNULL = YES;
				CLANG_ANALYZER_NUMBER_OBJECT_CONVERSION = YES_AGGRESSIVE;
				CLANG_CXX_LANGUAGE_STANDARD = "gnu++20";
				CLANG_ENABLE_MODULES = YES;
				CLANG_ENABLE_OBJC_ARC = YES;
				CLANG_ENABLE_OBJC_WEAK = YES;
				CLANG_WARN_BLOCK_CAPTURE_AUTORELEASING = YES;
				CLANG_WARN_BOOL_CONVERSION = YES;
				CLANG_WARN_COMMA = YES;
				CLANG_WARN_CONSTANT_CONVERSION = YES;
				CLANG_WARN_DEPRECATED_OBJC_IMPLEMENTATIONS = YES;
				CLANG_WARN_DIRECT_OBJC_ISA_USAGE = YES_ERROR;
				CLANG_WARN_DOCUMENTATION_COMMENTS = YES;
				CLANG_WARN_EMPTY_BODY = YES;
				CLANG_WARN_ENUM_CONVERSION = YES;
				CLANG_WARN_INFINITE_RECURSION = YES;
				CLANG_WARN_INT_CONVERSION = YES;
				CLANG_WARN_NON_LITERAL_NULL_CONVERSION = YES;
				CLANG_WARN_OBJC_IMPLICIT_RETAIN_SELF = YES;
				CLANG_WARN_OBJC_LITERAL_CONVERSION = YES;
				CLANG_WARN_OBJC_ROOT_CLASS = YES_ERROR;
				CLANG_WARN_QUOTED_INCLUDE_IN_FRAMEWORK_HEADER = YES;
				CLANG_WARN_RANGE_LOOP_ANALYSIS = YES;
				CLANG_WARN_STRICT_PROTOTYPES = YES;
				CLANG_WARN_SUSPICIOUS_MOVE = YES;
				CLANG_WARN_UNGUARDED_AVAILABILITY = YES_AGGRESSIVE;
				CLANG_WARN_UNREACHABLE_CODE = YES;
				CLANG_WARN__DUPLICATE_METHOD_MATCH = YES;
				COPY_PHASE_STRIP = NO;
				DEBUG_INFORMATION_FORMAT = dwarf;
				ENABLE_STRICT_OBJC_MSGSEND = YES;
				ENABLE_TESTABILITY = YES;
				GCC_C_LANGUAGE_STANDARD = gnu11;
				GCC_DYNAMIC_NO_PIC = NO;
				GCC_NO_COMMON_BLOCKS = YES;
				GCC_OPTIMIZATION_LEVEL = 0;
				GCC_PREPROCESSOR_DEFINITIONS = (
					"DEBUG=1",
					"$(inherited)",
				);
				GCC_WARN_64_TO_32_BIT_CONVERSION = YES;
				GCC_WARN_ABOUT_RETURN_TYPE = YES_ERROR;
				GCC_WARN_UNDECLARED_SELECTOR = YES;
				GCC_WARN_UNINITIALIZED_AUTOS = YES_AGGRESSIVE;
				GCC_WARN_UNUSED_FUNCTION = YES;
				GCC_WARN_UNUSED_VARIABLE = YES;
				IPHONEOS_DEPLOYMENT_TARGET = 16.1;
				MTL_ENABLE_DEBUG_INFO = INCLUDE_SOURCE;
				MTL_FAST_MATH = YES;
				ONLY_ACTIVE_ARCH = YES;
				SDKROOT = iphoneos;
				SWIFT_ACTIVE_COMPILATION_CONDITIONS = DEBUG;
				SWIFT_OPTIMIZATION_LEVEL = "-Onone";
			};
			name = Debug;
		};
		84FEA2E12976B9F100E82BBE /* Release */ = {
			isa = XCBuildConfiguration;
			buildSettings = {
				ALWAYS_SEARCH_USER_PATHS = NO;
				CLANG_ANALYZER_NONNULL = YES;
				CLANG_ANALYZER_NUMBER_OBJECT_CONVERSION = YES_AGGRESSIVE;
				CLANG_CXX_LANGUAGE_STANDARD = "gnu++20";
				CLANG_ENABLE_MODULES = YES;
				CLANG_ENABLE_OBJC_ARC = YES;
				CLANG_ENABLE_OBJC_WEAK = YES;
				CLANG_WARN_BLOCK_CAPTURE_AUTORELEASING = YES;
				CLANG_WARN_BOOL_CONVERSION = YES;
				CLANG_WARN_COMMA = YES;
				CLANG_WARN_CONSTANT_CONVERSION = YES;
				CLANG_WARN_DEPRECATED_OBJC_IMPLEMENTATIONS = YES;
				CLANG_WARN_DIRECT_OBJC_ISA_USAGE = YES_ERROR;
				CLANG_WARN_DOCUMENTATION_COMMENTS = YES;
				CLANG_WARN_EMPTY_BODY = YES;
				CLANG_WARN_ENUM_CONVERSION = YES;
				CLANG_WARN_INFINITE_RECURSION = YES;
				CLANG_WARN_INT_CONVERSION = YES;
				CLANG_WARN_NON_LITERAL_NULL_CONVERSION = YES;
				CLANG_WARN_OBJC_IMPLICIT_RETAIN_SELF = YES;
				CLANG_WARN_OBJC_LITERAL_CONVERSION = YES;
				CLANG_WARN_OBJC_ROOT_CLASS = YES_ERROR;
				CLANG_WARN_QUOTED_INCLUDE_IN_FRAMEWORK_HEADER = YES;
				CLANG_WARN_RANGE_LOOP_ANALYSIS = YES;
				CLANG_WARN_STRICT_PROTOTYPES = YES;
				CLANG_WARN_SUSPICIOUS_MOVE = YES;
				CLANG_WARN_UNGUARDED_AVAILABILITY = YES_AGGRESSIVE;
				CLANG_WARN_UNREACHABLE_CODE = YES;
				CLANG_WARN__DUPLICATE_METHOD_MATCH = YES;
				COPY_PHASE_STRIP = NO;
				DEBUG_INFORMATION_FORMAT = "dwarf-with-dsym";
				ENABLE_NS_ASSERTIONS = NO;
				ENABLE_STRICT_OBJC_MSGSEND = YES;
				GCC_C_LANGUAGE_STANDARD = gnu11;
				GCC_NO_COMMON_BLOCKS = YES;
				GCC_WARN_64_TO_32_BIT_CONVERSION = YES;
				GCC_WARN_ABOUT_RETURN_TYPE = YES_ERROR;
				GCC_WARN_UNDECLARED_SELECTOR = YES;
				GCC_WARN_UNINITIALIZED_AUTOS = YES_AGGRESSIVE;
				GCC_WARN_UNUSED_FUNCTION = YES;
				GCC_WARN_UNUSED_VARIABLE = YES;
				IPHONEOS_DEPLOYMENT_TARGET = 16.1;
				MTL_ENABLE_DEBUG_INFO = NO;
				MTL_FAST_MATH = YES;
				SDKROOT = iphoneos;
				SWIFT_COMPILATION_MODE = wholemodule;
				SWIFT_OPTIMIZATION_LEVEL = "-O";
				VALIDATE_PRODUCT = YES;
			};
			name = Release;
		};
		84FEA2E32976B9F100E82BBE /* Debug */ = {
			isa = XCBuildConfiguration;
			buildSettings = {
				ASSETCATALOG_COMPILER_APPICON_NAME = AppIcon;
				ASSETCATALOG_COMPILER_GLOBAL_ACCENT_COLOR_NAME = AccentColor;
				CODE_SIGN_STYLE = Automatic;
				CURRENT_PROJECT_VERSION = 1;
				DEVELOPMENT_TEAM = 3JL4VHZJLR;
				GENERATE_INFOPLIST_FILE = YES;
				INFOPLIST_FILE = ChomboGBFinal/Environments/Info.plist;
				INFOPLIST_KEY_UIApplicationSupportsIndirectInputEvents = YES;
				INFOPLIST_KEY_UILaunchStoryboardName = LaunchScreen;
				INFOPLIST_KEY_UISupportedInterfaceOrientations_iPad = "UIInterfaceOrientationPortrait UIInterfaceOrientationPortraitUpsideDown UIInterfaceOrientationLandscapeLeft UIInterfaceOrientationLandscapeRight";
				INFOPLIST_KEY_UISupportedInterfaceOrientations_iPhone = "UIInterfaceOrientationPortrait UIInterfaceOrientationLandscapeLeft UIInterfaceOrientationLandscapeRight";
				LD_RUNPATH_SEARCH_PATHS = (
					"$(inherited)",
					"@executable_path/Frameworks",
				);
				MARKETING_VERSION = 1.0;
				PRODUCT_BUNDLE_IDENTIFIER = mertensoid.ChomboGBFinal;
				PRODUCT_NAME = "$(TARGET_NAME)";
				SWIFT_EMIT_LOC_STRINGS = YES;
				SWIFT_VERSION = 5.0;
				TARGETED_DEVICE_FAMILY = "1,2";
			};
			name = Debug;
		};
		84FEA2E42976B9F100E82BBE /* Release */ = {
			isa = XCBuildConfiguration;
			buildSettings = {
				ASSETCATALOG_COMPILER_APPICON_NAME = AppIcon;
				ASSETCATALOG_COMPILER_GLOBAL_ACCENT_COLOR_NAME = AccentColor;
				CODE_SIGN_STYLE = Automatic;
				CURRENT_PROJECT_VERSION = 1;
				DEVELOPMENT_TEAM = 3JL4VHZJLR;
				GENERATE_INFOPLIST_FILE = YES;
				INFOPLIST_FILE = ChomboGBFinal/Environments/Info.plist;
				INFOPLIST_KEY_UIApplicationSupportsIndirectInputEvents = YES;
				INFOPLIST_KEY_UILaunchStoryboardName = LaunchScreen;
				INFOPLIST_KEY_UISupportedInterfaceOrientations_iPad = "UIInterfaceOrientationPortrait UIInterfaceOrientationPortraitUpsideDown UIInterfaceOrientationLandscapeLeft UIInterfaceOrientationLandscapeRight";
				INFOPLIST_KEY_UISupportedInterfaceOrientations_iPhone = "UIInterfaceOrientationPortrait UIInterfaceOrientationLandscapeLeft UIInterfaceOrientationLandscapeRight";
				LD_RUNPATH_SEARCH_PATHS = (
					"$(inherited)",
					"@executable_path/Frameworks",
				);
				MARKETING_VERSION = 1.0;
				PRODUCT_BUNDLE_IDENTIFIER = mertensoid.ChomboGBFinal;
				PRODUCT_NAME = "$(TARGET_NAME)";
				SWIFT_EMIT_LOC_STRINGS = YES;
				SWIFT_VERSION = 5.0;
				TARGETED_DEVICE_FAMILY = "1,2";
			};
			name = Release;
		};
		84FEA2E62976B9F100E82BBE /* Debug */ = {
			isa = XCBuildConfiguration;
			buildSettings = {
				ALWAYS_EMBED_SWIFT_STANDARD_LIBRARIES = YES;
				BUNDLE_LOADER = "$(TEST_HOST)";
				CODE_SIGN_STYLE = Automatic;
				CURRENT_PROJECT_VERSION = 1;
				DEVELOPMENT_TEAM = 3JL4VHZJLR;
				GENERATE_INFOPLIST_FILE = YES;
				IPHONEOS_DEPLOYMENT_TARGET = 16.1;
				MARKETING_VERSION = 1.0;
				PRODUCT_BUNDLE_IDENTIFIER = mertensoid.ChomboGBFinalTests;
				PRODUCT_NAME = "$(TARGET_NAME)";
				SWIFT_EMIT_LOC_STRINGS = NO;
				SWIFT_VERSION = 5.0;
				TARGETED_DEVICE_FAMILY = "1,2";
				TEST_HOST = "$(BUILT_PRODUCTS_DIR)/ChomboGBFinal.app/$(BUNDLE_EXECUTABLE_FOLDER_PATH)/ChomboGBFinal";
			};
			name = Debug;
		};
		84FEA2E72976B9F100E82BBE /* Release */ = {
			isa = XCBuildConfiguration;
			buildSettings = {
				ALWAYS_EMBED_SWIFT_STANDARD_LIBRARIES = YES;
				BUNDLE_LOADER = "$(TEST_HOST)";
				CODE_SIGN_STYLE = Automatic;
				CURRENT_PROJECT_VERSION = 1;
				DEVELOPMENT_TEAM = 3JL4VHZJLR;
				GENERATE_INFOPLIST_FILE = YES;
				IPHONEOS_DEPLOYMENT_TARGET = 16.1;
				MARKETING_VERSION = 1.0;
				PRODUCT_BUNDLE_IDENTIFIER = mertensoid.ChomboGBFinalTests;
				PRODUCT_NAME = "$(TARGET_NAME)";
				SWIFT_EMIT_LOC_STRINGS = NO;
				SWIFT_VERSION = 5.0;
				TARGETED_DEVICE_FAMILY = "1,2";
				TEST_HOST = "$(BUILT_PRODUCTS_DIR)/ChomboGBFinal.app/$(BUNDLE_EXECUTABLE_FOLDER_PATH)/ChomboGBFinal";
			};
			name = Release;
		};
		84FEA2E92976B9F100E82BBE /* Debug */ = {
			isa = XCBuildConfiguration;
			buildSettings = {
				ALWAYS_EMBED_SWIFT_STANDARD_LIBRARIES = YES;
				CODE_SIGN_STYLE = Automatic;
				CURRENT_PROJECT_VERSION = 1;
				DEVELOPMENT_TEAM = 3JL4VHZJLR;
				GENERATE_INFOPLIST_FILE = YES;
				MARKETING_VERSION = 1.0;
				PRODUCT_BUNDLE_IDENTIFIER = mertensoid.ChomboGBFinalUITests;
				PRODUCT_NAME = "$(TARGET_NAME)";
				SWIFT_EMIT_LOC_STRINGS = NO;
				SWIFT_VERSION = 5.0;
				TARGETED_DEVICE_FAMILY = "1,2";
				TEST_TARGET_NAME = ChomboGBFinal;
			};
			name = Debug;
		};
		84FEA2EA2976B9F100E82BBE /* Release */ = {
			isa = XCBuildConfiguration;
			buildSettings = {
				ALWAYS_EMBED_SWIFT_STANDARD_LIBRARIES = YES;
				CODE_SIGN_STYLE = Automatic;
				CURRENT_PROJECT_VERSION = 1;
				DEVELOPMENT_TEAM = 3JL4VHZJLR;
				GENERATE_INFOPLIST_FILE = YES;
				MARKETING_VERSION = 1.0;
				PRODUCT_BUNDLE_IDENTIFIER = mertensoid.ChomboGBFinalUITests;
				PRODUCT_NAME = "$(TARGET_NAME)";
				SWIFT_EMIT_LOC_STRINGS = NO;
				SWIFT_VERSION = 5.0;
				TARGETED_DEVICE_FAMILY = "1,2";
				TEST_TARGET_NAME = ChomboGBFinal;
			};
			name = Release;
		};
/* End XCBuildConfiguration section */

/* Begin XCConfigurationList section */
		84FEA2B32976B9F000E82BBE /* Build configuration list for PBXProject "ChomboGBFinal" */ = {
			isa = XCConfigurationList;
			buildConfigurations = (
				84FEA2E02976B9F100E82BBE /* Debug */,
				84FEA2E12976B9F100E82BBE /* Release */,
			);
			defaultConfigurationIsVisible = 0;
			defaultConfigurationName = Release;
		};
		84FEA2E22976B9F100E82BBE /* Build configuration list for PBXNativeTarget "ChomboGBFinal" */ = {
			isa = XCConfigurationList;
			buildConfigurations = (
				84FEA2E32976B9F100E82BBE /* Debug */,
				84FEA2E42976B9F100E82BBE /* Release */,
			);
			defaultConfigurationIsVisible = 0;
			defaultConfigurationName = Release;
		};
		84FEA2E52976B9F100E82BBE /* Build configuration list for PBXNativeTarget "ChomboGBFinalTests" */ = {
			isa = XCConfigurationList;
			buildConfigurations = (
				84FEA2E62976B9F100E82BBE /* Debug */,
				84FEA2E72976B9F100E82BBE /* Release */,
			);
			defaultConfigurationIsVisible = 0;
			defaultConfigurationName = Release;
		};
		84FEA2E82976B9F100E82BBE /* Build configuration list for PBXNativeTarget "ChomboGBFinalUITests" */ = {
			isa = XCConfigurationList;
			buildConfigurations = (
				84FEA2E92976B9F100E82BBE /* Debug */,
				84FEA2EA2976B9F100E82BBE /* Release */,
			);
			defaultConfigurationIsVisible = 0;
			defaultConfigurationName = Release;
		};
/* End XCConfigurationList section */
	};
	rootObject = 84FEA2B02976B9F000E82BBE /* Project object */;
}
